
Microsoft Visual Studio Solution File, Format Version 12.00
# Visual Studio Version 17
VisualStudioVersion = 17.14.36915.13
MinimumVisualStudioVersion = 10.0.40219.1
Project("{FAE04EC0-301F-11D3-BF4B-00C04F79EFBC}") = "HelpDeskApp", "HelpDeskApp\HelpDeskApp.csproj", "{C64830A1-87DF-4070-8F2D-DE90EF89C22E}"
EndProject
Project("{FAE04EC0-301F-11D3-BF4B-00C04F79EFBC}") = "HelpDeskApp.Infrastructure", "HelpDeskApp.Infrastructure\HelpDeskApp.Infrastructure.csproj", "{F2340482-7EFB-44AF-B174-4BC6CB650709}"
EndProject
Project("{FAE04EC0-301F-11D3-BF4B-00C04F79EFBC}") = "HelpDeskApp.Common", "HelpDeskApp.Common\HelpDeskApp.Common.csproj", "{787D42EF-9C1B-42B6-BE13-D9115804301C}"
EndProject
Project("{FAE04EC0-301F-11D3-BF4B-00C04F79EFBC}") = "HelpDeskApp.Core", "HelpDeskApp.Core\HelpDeskApp.Core.csproj", "{27CF1A67-E73E-4EA6-B51B-91C6491FD93A}"
EndProject
Global
	GlobalSection(SolutionConfigurationPlatforms) = preSolution
		Debug|Any CPU = Debug|Any CPU
		Release|Any CPU = Release|Any CPU
	EndGlobalSection
	GlobalSection(ProjectConfigurationPlatforms) = postSolution
		{C64830A1-87DF-4070-8F2D-DE90EF89C22E}.Debug|Any CPU.ActiveCfg = Debug|Any CPU
		{C64830A1-87DF-4070-8F2D-DE90EF89C22E}.Debug|Any CPU.Build.0 = Debug|Any CPU
		{C64830A1-87DF-4070-8F2D-DE90EF89C22E}.Release|Any CPU.ActiveCfg = Release|Any CPU
		{C64830A1-87DF-4070-8F2D-DE90EF89C22E}.Release|Any CPU.Build.0 = Release|Any CPU
		{F2340482-7EFB-44AF-B174-4BC6CB650709}.Debug|Any CPU.ActiveCfg = Debug|Any CPU
		{F2340482-7EFB-44AF-B174-4BC6CB650709}.Debug|Any CPU.Build.0 = Debug|Any CPU
		{F2340482-7EFB-44AF-B174-4BC6CB650709}.Release|Any CPU.ActiveCfg = Release|Any CPU
		{F2340482-7EFB-44AF-B174-4BC6CB650709}.Release|Any CPU.Build.0 = Release|Any CPU
		{787D42EF-9C1B-42B6-BE13-D9115804301C}.Debug|Any CPU.ActiveCfg = Debug|Any CPU
		{787D42EF-9C1B-42B6-BE13-D9115804301C}.Debug|Any CPU.Build.0 = Debug|Any CPU
		{787D42EF-9C1B-42B6-BE13-D9115804301C}.Release|Any CPU.ActiveCfg = Release|Any CPU
		{787D42EF-9C1B-42B6-BE13-D9115804301C}.Release|Any CPU.Build.0 = Release|Any CPU
		{27CF1A67-E73E-4EA6-B51B-91C6491FD93A}.Debug|Any CPU.ActiveCfg = Debug|Any CPU
		{27CF1A67-E73E-4EA6-B51B-91C6491FD93A}.Debug|Any CPU.Build.0 = Debug|Any CPU
		{27CF1A67-E73E-4EA6-B51B-91C6491FD93A}.Release|Any CPU.ActiveCfg = Release|Any CPU
		{27CF1A67-E73E-4EA6-B51B-91C6491FD93A}.Release|Any CPU.Build.0 = Release|Any CPU
	EndGlobalSection
	GlobalSection(SolutionProperties) = preSolution
		HideSolutionNode = FALSE
	EndGlobalSection
	GlobalSection(ExtensibilityGlobals) = postSolution
		SolutionGuid = {30383051-41BC-4BD0-AC8B-D6A4AAE3278C}
	EndGlobalSection
EndGlobal
